<?xml version="1.0" encoding="utf-8"?>
<Project ToolsVersion="4.0" xmlns="http://schemas.microsoft.com/developer/msbuild/2003">
  <ItemGroup>
    <Filter Include="SolLib">
      <UniqueIdentifier>{7a2e3dda-82fb-414a-bdf3-8ef5a3f5edd8}</UniqueIdentifier>
    </Filter>
    <Filter Include="GameObject">
      <UniqueIdentifier>{6a5826d6-563d-4a25-8a1d-e46c0f68ac42}</UniqueIdentifier>
    </Filter>
    <Filter Include="GameObject\Player">
      <UniqueIdentifier>{ac17a5f7-c0ce-481a-bf05-57601ef61184}</UniqueIdentifier>
    </Filter>
    <Filter Include="GameObject\Floor">
      <UniqueIdentifier>{2215cc1f-a907-4694-8a81-084213fb801a}</UniqueIdentifier>
    </Filter>
    <Filter Include="GameObject\Skydome">
      <UniqueIdentifier>{bc7ec23a-8bff-4bbd-aae4-757ecb304b06}</UniqueIdentifier>
    </Filter>
    <Filter Include="GameObject\UI">
      <UniqueIdentifier>{e658ad08-74fa-4dd6-9489-ec229c6369e1}</UniqueIdentifier>
    </Filter>
    <Filter Include="GameObject\UI\Button">
      <UniqueIdentifier>{bedb3b0b-efa6-440a-bc34-94b68461f27e}</UniqueIdentifier>
    </Filter>
    <Filter Include="Scene">
      <UniqueIdentifier>{e9e1ffdd-fbcd-4832-b715-90c6f43024cc}</UniqueIdentifier>
    </Filter>
    <Filter Include="resources">
      <UniqueIdentifier>{d1470a2c-9026-4a8a-8a96-c86de1058aff}</UniqueIdentifier>
    </Filter>
    <Filter Include="resources\json">
      <UniqueIdentifier>{594b1a6a-5a39-4d33-9abe-fbf86cb9ea8a}</UniqueIdentifier>
    </Filter>
    <Filter Include="Scene\Title">
      <UniqueIdentifier>{d0ed6259-882e-472f-bd4b-89bb54887186}</UniqueIdentifier>
    </Filter>
    <Filter Include="Scene\Game">
      <UniqueIdentifier>{f93ba159-42b9-40d8-8367-98389f08f234}</UniqueIdentifier>
    </Filter>
  </ItemGroup>
  <ItemGroup>
    <ClCompile Include="sol_lib\src\app\application.cpp">
      <Filter>SolLib</Filter>
    </ClCompile>
    <ClCompile Include="sol_lib\src\app\game_time.cpp">
      <Filter>SolLib</Filter>
    </ClCompile>
    <ClCompile Include="sol_lib\src\app\input_manager.cpp">
      <Filter>SolLib</Filter>
    </ClCompile>
    <ClCompile Include="sol_lib\src\app\scene_manager.cpp">
      <Filter>SolLib</Filter>
    </ClCompile>
    <ClCompile Include="sol_lib\src\app\winmain.cpp">
      <Filter>SolLib</Filter>
    </ClCompile>
    <ClCompile Include="sol_lib\src\audio\adx_manager.cpp">
      <Filter>SolLib</Filter>
    </ClCompile>
    <ClCompile Include="sol_lib\src\component\animator.cpp">
      <Filter>SolLib</Filter>
    </ClCompile>
    <ClCompile Include="sol_lib\src\component\component.cpp">
      <Filter>SolLib</Filter>
    </ClCompile>
    <ClCompile Include="sol_lib\src\component\health.cpp">
      <Filter>SolLib</Filter>
    </ClCompile>
    <ClCompile Include="sol_lib\src\component\modeler.cpp">
      <Filter>SolLib</Filter>
    </ClCompile>
    <ClCompile Include="sol_lib\src\component\physics.cpp">
      <Filter>SolLib</Filter>
    </ClCompile>
    <ClCompile Include="sol_lib\src\component\rigidbody.cpp">
      <Filter>SolLib</Filter>
    </ClCompile>
    <ClCompile Include="sol_lib\src\component\transform.cpp">
      <Filter>SolLib</Filter>
    </ClCompile>
    <ClCompile Include="sol_lib\src\misc\assert_dx.cpp">
      <Filter>SolLib</Filter>
    </ClCompile>
    <ClCompile Include="sol_lib\src\misc\collider\collider_info_box.cpp">
      <Filter>SolLib</Filter>
    </ClCompile>
    <ClCompile Include="sol_lib\src\misc\collider\collider_info_capsule.cpp">
      <Filter>SolLib</Filter>
    </ClCompile>
    <ClCompile Include="sol_lib\src\misc\collider\collider_info_mesh.cpp">
      <Filter>SolLib</Filter>
    </ClCompile>
    <ClCompile Include="sol_lib\src\misc\collider\collider_info_segment.cpp">
      <Filter>SolLib</Filter>
    </ClCompile>
    <ClCompile Include="sol_lib\src\misc\collider\collider_info_sphere.cpp">
      <Filter>SolLib</Filter>
    </ClCompile>
    <ClCompile Include="sol_lib\src\misc\collider\collider_info_terrain.cpp">
      <Filter>SolLib</Filter>
    </ClCompile>
    <ClCompile Include="sol_lib\src\misc\collider\collision_dispatcher.cpp">
      <Filter>SolLib</Filter>
    </ClCompile>
    <ClCompile Include="sol_lib\src\misc\collider\collision_functions.cpp">
      <Filter>SolLib</Filter>
    </ClCompile>
    <ClCompile Include="sol_lib\src\misc\collider\octree.cpp">
      <Filter>SolLib</Filter>
    </ClCompile>
    <ClCompile Include="sol_lib\src\misc\json_loader.cpp">
      <Filter>SolLib</Filter>
    </ClCompile>
    <ClCompile Include="sol_lib\src\misc\math.cpp">
      <Filter>SolLib</Filter>
    </ClCompile>
    <ClCompile Include="sol_lib\src\misc\utility_dx.cpp">
      <Filter>SolLib</Filter>
    </ClCompile>
    <ClCompile Include="sol_lib\src\object\collidable_object.cpp">
      <Filter>SolLib</Filter>
    </ClCompile>
    <ClCompile Include="sol_lib\src\scene\scene.cpp">
      <Filter>SolLib</Filter>
    </ClCompile>
  </ItemGroup>
  <ItemGroup>
    <ClInclude Include="sol_lib\include\app\application.hpp">
      <Filter>SolLib</Filter>
    </ClInclude>
    <ClInclude Include="sol_lib\include\app\game_time.hpp">
      <Filter>SolLib</Filter>
    </ClInclude>
    <ClInclude Include="sol_lib\include\app\input_manager.hpp">
      <Filter>SolLib</Filter>
    </ClInclude>
    <ClInclude Include="sol_lib\include\app\scene_manager.hpp">
      <Filter>SolLib</Filter>
    </ClInclude>
    <ClInclude Include="sol_lib\include\app\setting\input_data.hpp">
      <Filter>SolLib</Filter>
    </ClInclude>
    <ClInclude Include="sol_lib\include\app\setting\window_config.hpp">
      <Filter>SolLib</Filter>
    </ClInclude>
    <ClInclude Include="sol_lib\include\audio\adx_manager.hpp">
      <Filter>SolLib</Filter>
    </ClInclude>
    <ClInclude Include="sol_lib\include\component\animator.hpp">
      <Filter>SolLib</Filter>
    </ClInclude>
    <ClInclude Include="sol_lib\include\component\component.hpp">
      <Filter>SolLib</Filter>
    </ClInclude>
    <ClInclude Include="sol_lib\include\component\data\animation_data.hpp">
      <Filter>SolLib</Filter>
    </ClInclude>
    <ClInclude Include="sol_lib\include\component\data\physics_material.hpp">
      <Filter>SolLib</Filter>
    </ClInclude>
    <ClInclude Include="sol_lib\include\component\health.hpp">
      <Filter>SolLib</Filter>
    </ClInclude>
    <ClInclude Include="sol_lib\include\component\modeler.hpp">
      <Filter>SolLib</Filter>
    </ClInclude>
    <ClInclude Include="sol_lib\include\component\physics.hpp">
      <Filter>SolLib</Filter>
    </ClInclude>
    <ClInclude Include="sol_lib\include\component\rigidbody.hpp">
      <Filter>SolLib</Filter>
    </ClInclude>
    <ClInclude Include="sol_lib\include\component\transform.hpp">
      <Filter>SolLib</Filter>
    </ClInclude>
    <ClInclude Include="sol_lib\include\misc\assert_dx.hpp">
      <Filter>SolLib</Filter>
    </ClInclude>
    <ClInclude Include="sol_lib\include\misc\collider\collider_data.hpp">
      <Filter>SolLib</Filter>
    </ClInclude>
    <ClInclude Include="sol_lib\include\misc\collider\collider_info_all.hpp">
      <Filter>SolLib</Filter>
    </ClInclude>
    <ClInclude Include="sol_lib\include\misc\collider\collider_info_box.hpp">
      <Filter>SolLib</Filter>
    </ClInclude>
    <ClInclude Include="sol_lib\include\misc\collider\collider_info_capsule.hpp">
      <Filter>SolLib</Filter>
    </ClInclude>
    <ClInclude Include="sol_lib\include\misc\collider\collider_info_mesh.hpp">
      <Filter>SolLib</Filter>
    </ClInclude>
    <ClInclude Include="sol_lib\include\misc\collider\collider_info_segment.hpp">
      <Filter>SolLib</Filter>
    </ClInclude>
    <ClInclude Include="sol_lib\include\misc\collider\collider_info_sphere.hpp">
      <Filter>SolLib</Filter>
    </ClInclude>
    <ClInclude Include="sol_lib\include\misc\collider\collider_info_terrain.hpp">
      <Filter>SolLib</Filter>
    </ClInclude>
    <ClInclude Include="sol_lib\include\misc\collider\collision_algorithms.hpp">
      <Filter>SolLib</Filter>
    </ClInclude>
    <ClInclude Include="sol_lib\include\misc\collider\collision_dispatcher.hpp">
      <Filter>SolLib</Filter>
    </ClInclude>
    <ClInclude Include="sol_lib\include\misc\collider\collision_functions.hpp">
      <Filter>SolLib</Filter>
    </ClInclude>
    <ClInclude Include="sol_lib\include\misc\collider\octree.hpp">
      <Filter>SolLib</Filter>
    </ClInclude>
    <ClInclude Include="sol_lib\include\misc\data\json_file_type.hpp">
      <Filter>SolLib</Filter>
    </ClInclude>
    <ClInclude Include="sol_lib\include\misc\json_loader.hpp">
      <Filter>SolLib</Filter>
    </ClInclude>
    <ClInclude Include="sol_lib\include\misc\math\math.hpp">
      <Filter>SolLib</Filter>
    </ClInclude>
    <ClInclude Include="sol_lib\include\misc\math\quaternion.hpp">
      <Filter>SolLib</Filter>
    </ClInclude>
    <ClInclude Include="sol_lib\include\misc\math\vector2d.hpp">
      <Filter>SolLib</Filter>
    </ClInclude>
    <ClInclude Include="sol_lib\include\misc\primitive\aabb.hpp">
      <Filter>SolLib</Filter>
    </ClInclude>
    <ClInclude Include="sol_lib\include\misc\primitive\capsule.hpp">
      <Filter>SolLib</Filter>
    </ClInclude>
    <ClInclude Include="sol_lib\include\misc\primitive\line.hpp">
      <Filter>SolLib</Filter>
    </ClInclude>
    <ClInclude Include="sol_lib\include\misc\primitive\point.hpp">
      <Filter>SolLib</Filter>
    </ClInclude>
    <ClInclude Include="sol_lib\include\misc\primitive\primitive.hpp">
      <Filter>SolLib</Filter>
    </ClInclude>
    <ClInclude Include="sol_lib\include\misc\primitive\primitive_all.hpp">
      <Filter>SolLib</Filter>
    </ClInclude>
    <ClInclude Include="sol_lib\include\misc\primitive\segment.hpp">
      <Filter>SolLib</Filter>
    </ClInclude>
    <ClInclude Include="sol_lib\include\misc\primitive\sphere.hpp">
      <Filter>SolLib</Filter>
    </ClInclude>
    <ClInclude Include="sol_lib\include\misc\state_machine.hpp">
      <Filter>SolLib</Filter>
    </ClInclude>
    <ClInclude Include="sol_lib\include\misc\utility_dx.hpp">
      <Filter>SolLib</Filter>
    </ClInclude>
    <ClInclude Include="sol_lib\include\object\character_object.hpp">
      <Filter>SolLib</Filter>
    </ClInclude>
    <ClInclude Include="sol_lib\include\object\collidable_object.hpp">
      <Filter>SolLib</Filter>
    </ClInclude>
    <ClInclude Include="sol_lib\include\object\data\object_data.hpp">
      <Filter>SolLib</Filter>
    </ClInclude>
    <ClInclude Include="sol_lib\include\object\game_object.hpp">
      <Filter>SolLib</Filter>
    </ClInclude>
    <ClInclude Include="sol_lib\include\object\static_object.hpp">
      <Filter>SolLib</Filter>
    </ClInclude>
    <ClInclude Include="sol_lib\include\scene\scene.hpp">
      <Filter>SolLib</Filter>
    </ClInclude>
  </ItemGroup>
  <ItemGroup>
    <None Include="packages.config" />
    <None Include="..\resources\json\config.json">
      <Filter>resources\json</Filter>
    </None>
    <None Include="..\resources\json\save.json">
      <Filter>resources\json</Filter>
    </None>
  </ItemGroup>
</Project>